
Microsoft Visual Studio Solution File, Format Version 12.00
# Visual Studio 15
Project("{FAE04EC0-301F-11D3-BF4B-00C04F79EFBC}") = "Assembly-CSharp", "Assembly-CSharp.csproj", "{8FA8BDB1-87EB-66B2-3007-ABC542203DD5}"
EndProject
Project("{FAE04EC0-301F-11D3-BF4B-00C04F79EFBC}") = "Assembly-CSharp-Editor", "Assembly-CSharp-Editor.csproj", "{8EA5E6C9-DB4E-E409-684D-B0960409AE73}"
EndProject
Global
	GlobalSection(SolutionConfigurationPlatforms) = preSolution
		Debug|Any CPU = Debug|Any CPU
		Release|Any CPU = Release|Any CPU
	EndGlobalSection
	GlobalSection(ProjectConfigurationPlatforms) = postSolution
		{8FA8BDB1-87EB-66B2-3007-ABC542203DD5}.Debug|Any CPU.ActiveCfg = Debug|Any CPU
		{8FA8BDB1-87EB-66B2-3007-ABC542203DD5}.Debug|Any CPU.Build.0 = Debug|Any CPU
		{8FA8BDB1-87EB-66B2-3007-ABC542203DD5}.Release|Any CPU.ActiveCfg = Release|Any CPU
		{8FA8BDB1-87EB-66B2-3007-ABC542203DD5}.Release|Any CPU.Build.0 = Release|Any CPU
		{8EA5E6C9-DB4E-E409-684D-B0960409AE73}.Debug|Any CPU.ActiveCfg = Debug|Any CPU
		{8EA5E6C9-DB4E-E409-684D-B0960409AE73}.Debug|Any CPU.Build.0 = Debug|Any CPU
		{8EA5E6C9-DB4E-E409-684D-B0960409AE73}.Release|Any CPU.ActiveCfg = Release|Any CPU
		{8EA5E6C9-DB4E-E409-684D-B0960409AE73}.Release|Any CPU.Build.0 = Release|Any CPU
	EndGlobalSection
	GlobalSection(SolutionProperties) = preSolution
		HideSolutionNode = FALSE
	EndGlobalSection
EndGlobal
